
Microsoft Visual Studio Solution File, Format Version 12.00
# Visual Studio 15
VisualStudioVersion = 15.0.27130.2010
MinimumVisualStudioVersion = 10.0.40219.1
Project("{9A19103F-16F7-4668-BE54-9A1E7A4F7556}") = "BubaTube", "BubaTube\BubaTube.csproj", "{E665ECDF-6EB0-4D0E-8C57-262B23CB3B1C}"
EndProject
Project("{9A19103F-16F7-4668-BE54-9A1E7A4F7556}") = "BubaTube_Tests", "BubaTube_Tests\BubaTube_Tests.csproj", "{E3E4A2FA-93DF-454C-8DFD-5458CAA16C64}"
EndProject
Global
	GlobalSection(SolutionConfigurationPlatforms) = preSolution
		Debug|Any CPU = Debug|Any CPU
		Release|Any CPU = Release|Any CPU
	EndGlobalSection
	GlobalSection(ProjectConfigurationPlatforms) = postSolution
		{E665ECDF-6EB0-4D0E-8C57-262B23CB3B1C}.Debug|Any CPU.ActiveCfg = Debug|Any CPU
		{E665ECDF-6EB0-4D0E-8C57-262B23CB3B1C}.Debug|Any CPU.Build.0 = Debug|Any CPU
		{E665ECDF-6EB0-4D0E-8C57-262B23CB3B1C}.Release|Any CPU.ActiveCfg = Release|Any CPU
		{E665ECDF-6EB0-4D0E-8C57-262B23CB3B1C}.Release|Any CPU.Build.0 = Release|Any CPU
		{E3E4A2FA-93DF-454C-8DFD-5458CAA16C64}.Debug|Any CPU.ActiveCfg = Debug|Any CPU
		{E3E4A2FA-93DF-454C-8DFD-5458CAA16C64}.Debug|Any CPU.Build.0 = Debug|Any CPU
		{E3E4A2FA-93DF-454C-8DFD-5458CAA16C64}.Release|Any CPU.ActiveCfg = Release|Any CPU
		{E3E4A2FA-93DF-454C-8DFD-5458CAA16C64}.Release|Any CPU.Build.0 = Release|Any CPU
	EndGlobalSection
	GlobalSection(SolutionProperties) = preSolution
		HideSolutionNode = FALSE
	EndGlobalSection
	GlobalSection(ExtensibilityGlobals) = postSolution
		SolutionGuid = {125AB6F5-BD48-4065-A582-3A7CE6CD22BE}
	EndGlobalSection
EndGlobal
