
Microsoft Visual Studio Solution File, Format Version 12.00
# Visual Studio Version 16
VisualStudioVersion = 16.0.29519.87
MinimumVisualStudioVersion = 10.0.40219.1
Project("{9A19103F-16F7-4668-BE54-9A1E7A4F7556}") = "BubaTube", "BubaTube\BubaTube.csproj", "{E665ECDF-6EB0-4D0E-8C57-262B23CB3B1C}"
EndProject
Project("{9A19103F-16F7-4668-BE54-9A1E7A4F7556}") = "Services", "Services\Services.csproj", "{1AE03BCE-283F-46A4-BCE4-AD8B1646916F}"
EndProject
Project("{9A19103F-16F7-4668-BE54-9A1E7A4F7556}") = "Contracts", "Contracts\Contracts.csproj", "{9B823517-B599-4A62-8DC5-B8C4550DD5CB}"
EndProject
Project("{9A19103F-16F7-4668-BE54-9A1E7A4F7556}") = "DataAccess", "DataAccess\DataAccess.csproj", "{0BBD1662-AF2D-4953-BF86-940101726E8D}"
EndProject
Project("{2150E333-8FDC-42A3-9474-1A3956D46DE8}") = "tests", "tests", "{70B659ED-C396-40B2-8885-7681CA1761E3}"
EndProject
Project("{9A19103F-16F7-4668-BE54-9A1E7A4F7556}") = "Services.Tests", "Services.Tests\Services.Tests.csproj", "{6C01FC77-0FD8-434A-95E0-F00E42451752}"
EndProject
Global
	GlobalSection(SolutionConfigurationPlatforms) = preSolution
		Debug|Any CPU = Debug|Any CPU
		Release|Any CPU = Release|Any CPU
	EndGlobalSection
	GlobalSection(ProjectConfigurationPlatforms) = postSolution
		{E665ECDF-6EB0-4D0E-8C57-262B23CB3B1C}.Debug|Any CPU.ActiveCfg = Debug|Any CPU
		{E665ECDF-6EB0-4D0E-8C57-262B23CB3B1C}.Debug|Any CPU.Build.0 = Debug|Any CPU
		{E665ECDF-6EB0-4D0E-8C57-262B23CB3B1C}.Release|Any CPU.ActiveCfg = Release|Any CPU
		{E665ECDF-6EB0-4D0E-8C57-262B23CB3B1C}.Release|Any CPU.Build.0 = Release|Any CPU
		{1AE03BCE-283F-46A4-BCE4-AD8B1646916F}.Debug|Any CPU.ActiveCfg = Debug|Any CPU
		{1AE03BCE-283F-46A4-BCE4-AD8B1646916F}.Debug|Any CPU.Build.0 = Debug|Any CPU
		{1AE03BCE-283F-46A4-BCE4-AD8B1646916F}.Release|Any CPU.ActiveCfg = Release|Any CPU
		{1AE03BCE-283F-46A4-BCE4-AD8B1646916F}.Release|Any CPU.Build.0 = Release|Any CPU
		{9B823517-B599-4A62-8DC5-B8C4550DD5CB}.Debug|Any CPU.ActiveCfg = Debug|Any CPU
		{9B823517-B599-4A62-8DC5-B8C4550DD5CB}.Debug|Any CPU.Build.0 = Debug|Any CPU
		{9B823517-B599-4A62-8DC5-B8C4550DD5CB}.Release|Any CPU.ActiveCfg = Release|Any CPU
		{9B823517-B599-4A62-8DC5-B8C4550DD5CB}.Release|Any CPU.Build.0 = Release|Any CPU
		{0BBD1662-AF2D-4953-BF86-940101726E8D}.Debug|Any CPU.ActiveCfg = Debug|Any CPU
		{0BBD1662-AF2D-4953-BF86-940101726E8D}.Debug|Any CPU.Build.0 = Debug|Any CPU
		{0BBD1662-AF2D-4953-BF86-940101726E8D}.Release|Any CPU.ActiveCfg = Release|Any CPU
		{0BBD1662-AF2D-4953-BF86-940101726E8D}.Release|Any CPU.Build.0 = Release|Any CPU
		{6C01FC77-0FD8-434A-95E0-F00E42451752}.Debug|Any CPU.ActiveCfg = Debug|Any CPU
		{6C01FC77-0FD8-434A-95E0-F00E42451752}.Debug|Any CPU.Build.0 = Debug|Any CPU
		{6C01FC77-0FD8-434A-95E0-F00E42451752}.Release|Any CPU.ActiveCfg = Release|Any CPU
		{6C01FC77-0FD8-434A-95E0-F00E42451752}.Release|Any CPU.Build.0 = Release|Any CPU
	EndGlobalSection
	GlobalSection(SolutionProperties) = preSolution
		HideSolutionNode = FALSE
	EndGlobalSection
	GlobalSection(NestedProjects) = preSolution
		{6C01FC77-0FD8-434A-95E0-F00E42451752} = {70B659ED-C396-40B2-8885-7681CA1761E3}
	EndGlobalSection
	GlobalSection(ExtensibilityGlobals) = postSolution
		SolutionGuid = {125AB6F5-BD48-4065-A582-3A7CE6CD22BE}
	EndGlobalSection
EndGlobal
